
Microsoft Visual Studio Solution File, Format Version 12.00
# Visual Studio 15
VisualStudioVersion = 15.0.28307.168
MinimumVisualStudioVersion = 10.0.40219.1
Project("{FAE04EC0-301F-11D3-BF4B-00C04F79EFBC}") = "APIConnectivity", "APIConnectivity\APIConnectivity.csproj", "{9F7FDDEC-961B-4E2D-9284-B3F439DC66D4}"
EndProject
Project("{FAE04EC0-301F-11D3-BF4B-00C04F79EFBC}") = "WoWQuestHarvester", "WoWQuestHarvester\WoWQuestHarvester.csproj", "{9CDD3DCE-0024-48D0-A3F6-C8C04C5AA393}"
EndProject
Global
	GlobalSection(SolutionConfigurationPlatforms) = preSolution
		Debug|Any CPU = Debug|Any CPU
		Release|Any CPU = Release|Any CPU
	EndGlobalSection
	GlobalSection(ProjectConfigurationPlatforms) = postSolution
		{9F7FDDEC-961B-4E2D-9284-B3F439DC66D4}.Debug|Any CPU.ActiveCfg = Debug|Any CPU
		{9F7FDDEC-961B-4E2D-9284-B3F439DC66D4}.Debug|Any CPU.Build.0 = Debug|Any CPU
		{9F7FDDEC-961B-4E2D-9284-B3F439DC66D4}.Release|Any CPU.ActiveCfg = Release|Any CPU
		{9F7FDDEC-961B-4E2D-9284-B3F439DC66D4}.Release|Any CPU.Build.0 = Release|Any CPU
		{9CDD3DCE-0024-48D0-A3F6-C8C04C5AA393}.Debug|Any CPU.ActiveCfg = Debug|Any CPU
		{9CDD3DCE-0024-48D0-A3F6-C8C04C5AA393}.Debug|Any CPU.Build.0 = Debug|Any CPU
		{9CDD3DCE-0024-48D0-A3F6-C8C04C5AA393}.Release|Any CPU.ActiveCfg = Release|Any CPU
		{9CDD3DCE-0024-48D0-A3F6-C8C04C5AA393}.Release|Any CPU.Build.0 = Release|Any CPU
	EndGlobalSection
	GlobalSection(SolutionProperties) = preSolution
		HideSolutionNode = FALSE
	EndGlobalSection
	GlobalSection(ExtensibilityGlobals) = postSolution
		SolutionGuid = {9EB7A059-48FD-4431-914C-DE4539DA449C}
	EndGlobalSection
EndGlobal
